
Microsoft Visual Studio Solution File, Format Version 12.00
# Visual Studio Version 16
VisualStudioVersion = 16.0.30114.105
MinimumVisualStudioVersion = 10.0.40219.1
Project("{9A19103F-16F7-4668-BE54-9A1E7A4F7556}") = "Hoop.Data", "Hoop.Data\Hoop.Data.csproj", "{60D1ADCD-F091-46A4-BBC4-CB2D82CE3F6B}"
EndProject
Project("{FAE04EC0-301F-11D3-BF4B-00C04F79EFBC}") = "Hoop.Api.Client", "Hoop.Api.Client\Hoop.Api.Client.csproj", "{8937A737-7228-41F0-B728-BCFA2CCE5526}"
EndProject
Project("{FAE04EC0-301F-11D3-BF4B-00C04F79EFBC}") = "Health.Web", "Health.Web\Health.Web.csproj", "{92AAB369-2219-4303-83A5-C15BEF12F0C4}"
EndProject
Global
	GlobalSection(SolutionConfigurationPlatforms) = preSolution
		Debug|Any CPU = Debug|Any CPU
		Debug|x64 = Debug|x64
		Debug|x86 = Debug|x86
		Release|Any CPU = Release|Any CPU
		Release|x64 = Release|x64
		Release|x86 = Release|x86
	EndGlobalSection
	GlobalSection(ProjectConfigurationPlatforms) = postSolution
		{60D1ADCD-F091-46A4-BBC4-CB2D82CE3F6B}.Debug|Any CPU.ActiveCfg = Debug|Any CPU
		{60D1ADCD-F091-46A4-BBC4-CB2D82CE3F6B}.Debug|Any CPU.Build.0 = Debug|Any CPU
		{60D1ADCD-F091-46A4-BBC4-CB2D82CE3F6B}.Debug|x64.ActiveCfg = Debug|Any CPU
		{60D1ADCD-F091-46A4-BBC4-CB2D82CE3F6B}.Debug|x64.Build.0 = Debug|Any CPU
		{60D1ADCD-F091-46A4-BBC4-CB2D82CE3F6B}.Debug|x86.ActiveCfg = Debug|Any CPU
		{60D1ADCD-F091-46A4-BBC4-CB2D82CE3F6B}.Debug|x86.Build.0 = Debug|Any CPU
		{60D1ADCD-F091-46A4-BBC4-CB2D82CE3F6B}.Release|Any CPU.ActiveCfg = Release|Any CPU
		{60D1ADCD-F091-46A4-BBC4-CB2D82CE3F6B}.Release|Any CPU.Build.0 = Release|Any CPU
		{60D1ADCD-F091-46A4-BBC4-CB2D82CE3F6B}.Release|x64.ActiveCfg = Release|Any CPU
		{60D1ADCD-F091-46A4-BBC4-CB2D82CE3F6B}.Release|x64.Build.0 = Release|Any CPU
		{60D1ADCD-F091-46A4-BBC4-CB2D82CE3F6B}.Release|x86.ActiveCfg = Release|Any CPU
		{60D1ADCD-F091-46A4-BBC4-CB2D82CE3F6B}.Release|x86.Build.0 = Release|Any CPU
		{8937A737-7228-41F0-B728-BCFA2CCE5526}.Debug|Any CPU.ActiveCfg = Debug|Any CPU
		{8937A737-7228-41F0-B728-BCFA2CCE5526}.Debug|Any CPU.Build.0 = Debug|Any CPU
		{8937A737-7228-41F0-B728-BCFA2CCE5526}.Debug|x64.ActiveCfg = Debug|Any CPU
		{8937A737-7228-41F0-B728-BCFA2CCE5526}.Debug|x64.Build.0 = Debug|Any CPU
		{8937A737-7228-41F0-B728-BCFA2CCE5526}.Debug|x86.ActiveCfg = Debug|Any CPU
		{8937A737-7228-41F0-B728-BCFA2CCE5526}.Debug|x86.Build.0 = Debug|Any CPU
		{8937A737-7228-41F0-B728-BCFA2CCE5526}.Release|Any CPU.ActiveCfg = Release|Any CPU
		{8937A737-7228-41F0-B728-BCFA2CCE5526}.Release|Any CPU.Build.0 = Release|Any CPU
		{8937A737-7228-41F0-B728-BCFA2CCE5526}.Release|x64.ActiveCfg = Release|Any CPU
		{8937A737-7228-41F0-B728-BCFA2CCE5526}.Release|x64.Build.0 = Release|Any CPU
		{8937A737-7228-41F0-B728-BCFA2CCE5526}.Release|x86.ActiveCfg = Release|Any CPU
		{8937A737-7228-41F0-B728-BCFA2CCE5526}.Release|x86.Build.0 = Release|Any CPU
		{92AAB369-2219-4303-83A5-C15BEF12F0C4}.Debug|Any CPU.ActiveCfg = Debug|Any CPU
		{92AAB369-2219-4303-83A5-C15BEF12F0C4}.Debug|Any CPU.Build.0 = Debug|Any CPU
		{92AAB369-2219-4303-83A5-C15BEF12F0C4}.Debug|x64.ActiveCfg = Debug|Any CPU
		{92AAB369-2219-4303-83A5-C15BEF12F0C4}.Debug|x64.Build.0 = Debug|Any CPU
		{92AAB369-2219-4303-83A5-C15BEF12F0C4}.Debug|x86.ActiveCfg = Debug|Any CPU
		{92AAB369-2219-4303-83A5-C15BEF12F0C4}.Debug|x86.Build.0 = Debug|Any CPU
		{92AAB369-2219-4303-83A5-C15BEF12F0C4}.Release|Any CPU.ActiveCfg = Release|Any CPU
		{92AAB369-2219-4303-83A5-C15BEF12F0C4}.Release|Any CPU.Build.0 = Release|Any CPU
		{92AAB369-2219-4303-83A5-C15BEF12F0C4}.Release|x64.ActiveCfg = Release|Any CPU
		{92AAB369-2219-4303-83A5-C15BEF12F0C4}.Release|x64.Build.0 = Release|Any CPU
		{92AAB369-2219-4303-83A5-C15BEF12F0C4}.Release|x86.ActiveCfg = Release|Any CPU
		{92AAB369-2219-4303-83A5-C15BEF12F0C4}.Release|x86.Build.0 = Release|Any CPU
	EndGlobalSection
	GlobalSection(SolutionProperties) = preSolution
		HideSolutionNode = FALSE
	EndGlobalSection
	GlobalSection(ExtensibilityGlobals) = postSolution
		SolutionGuid = {FEC9DAD7-66EE-4E11-8DCF-BEE383785EEC}
	EndGlobalSection
EndGlobal
